// !$*UTF8*$!
{
	archiveVersion = 1;
	classes = {
	};
	objectVersion = 55;
	objects = {

/* Begin PBXBuildFile section */
		571D2ED02820FE4A006920C8 /* ContainerView.swift in Sources */ = {isa = PBXBuildFile; fileRef = 571D2ECF2820FE4A006920C8 /* ContainerView.swift */; };
		571D2ED228210109006920C8 /* GalleryPhoto.swift in Sources */ = {isa = PBXBuildFile; fileRef = 571D2ED128210109006920C8 /* GalleryPhoto.swift */; };
		5754264B281177C200D221A0 /* TestGBSwiftUIApp.swift in Sources */ = {isa = PBXBuildFile; fileRef = 5754264A281177C200D221A0 /* TestGBSwiftUIApp.swift */; };
		5754264D281177C200D221A0 /* LoginView.swift in Sources */ = {isa = PBXBuildFile; fileRef = 5754264C281177C200D221A0 /* LoginView.swift */; };
		5754264F281177C700D221A0 /* Assets.xcassets in Resources */ = {isa = PBXBuildFile; fileRef = 5754264E281177C700D221A0 /* Assets.xcassets */; };
		57542652281177C700D221A0 /* Preview Assets.xcassets in Resources */ = {isa = PBXBuildFile; fileRef = 57542651281177C700D221A0 /* Preview Assets.xcassets */; };
		576982872820389A0091FA3E /* MainView.swift in Sources */ = {isa = PBXBuildFile; fileRef = 576982862820389A0091FA3E /* MainView.swift */; };
		5769828B282043FE0091FA3E /* FriendsView.swift in Sources */ = {isa = PBXBuildFile; fileRef = 5769828A282043FE0091FA3E /* FriendsView.swift */; };
		57698294282046630091FA3E /* UserResponse.swift in Sources */ = {isa = PBXBuildFile; fileRef = 57698293282046630091FA3E /* UserResponse.swift */; };
		57698298282047300091FA3E /* userModelData.json in Resources */ = {isa = PBXBuildFile; fileRef = 57698297282047300091FA3E /* userModelData.json */; };
		5769829A282047EA0091FA3E /* Data.swift in Sources */ = {isa = PBXBuildFile; fileRef = 57698299282047EA0091FA3E /* Data.swift */; };
		576EBC7728176E4D002A6E78 /* User.swift in Sources */ = {isa = PBXBuildFile; fileRef = 576EBC7628176E4D002A6E78 /* User.swift */; };
		576EBC7928177D0D002A6E78 /* Group.swift in Sources */ = {isa = PBXBuildFile; fileRef = 576EBC7828177D0D002A6E78 /* Group.swift */; };
/* End PBXBuildFile section */

/* Begin PBXFileReference section */
		571D2ECF2820FE4A006920C8 /* ContainerView.swift */ = {isa = PBXFileReference; lastKnownFileType = sourcecode.swift; path = ContainerView.swift; sourceTree = "<group>"; };
		571D2ED128210109006920C8 /* GalleryPhoto.swift */ = {isa = PBXFileReference; lastKnownFileType = sourcecode.swift; path = GalleryPhoto.swift; sourceTree = "<group>"; };
		57542647281177C200D221A0 /* TestGBSwiftUI.app */ = {isa = PBXFileReference; explicitFileType = wrapper.application; includeInIndex = 0; path = TestGBSwiftUI.app; sourceTree = BUILT_PRODUCTS_DIR; };
		5754264A281177C200D221A0 /* TestGBSwiftUIApp.swift */ = {isa = PBXFileReference; lastKnownFileType = sourcecode.swift; path = TestGBSwiftUIApp.swift; sourceTree = "<group>"; };
		5754264C281177C200D221A0 /* LoginView.swift */ = {isa = PBXFileReference; lastKnownFileType = sourcecode.swift; path = LoginView.swift; sourceTree = "<group>"; };
		5754264E281177C700D221A0 /* Assets.xcassets */ = {isa = PBXFileReference; lastKnownFileType = folder.assetcatalog; path = Assets.xcassets; sourceTree = "<group>"; };
		57542651281177C700D221A0 /* Preview Assets.xcassets */ = {isa = PBXFileReference; lastKnownFileType = folder.assetcatalog; path = "Preview Assets.xcassets"; sourceTree = "<group>"; };
		576982862820389A0091FA3E /* MainView.swift */ = {isa = PBXFileReference; lastKnownFileType = sourcecode.swift; path = MainView.swift; sourceTree = "<group>"; };
		5769828A282043FE0091FA3E /* FriendsView.swift */ = {isa = PBXFileReference; lastKnownFileType = sourcecode.swift; path = FriendsView.swift; sourceTree = "<group>"; };
		57698293282046630091FA3E /* UserResponse.swift */ = {isa = PBXFileReference; lastKnownFileType = sourcecode.swift; path = UserResponse.swift; sourceTree = "<group>"; };
		57698297282047300091FA3E /* userModelData.json */ = {isa = PBXFileReference; lastKnownFileType = text.json; path = userModelData.json; sourceTree = "<group>"; };
		57698299282047EA0091FA3E /* Data.swift */ = {isa = PBXFileReference; lastKnownFileType = sourcecode.swift; path = Data.swift; sourceTree = "<group>"; };
		576EBC7628176E4D002A6E78 /* User.swift */ = {isa = PBXFileReference; lastKnownFileType = sourcecode.swift; path = User.swift; sourceTree = "<group>"; };
		576EBC7828177D0D002A6E78 /* Group.swift */ = {isa = PBXFileReference; lastKnownFileType = sourcecode.swift; path = Group.swift; sourceTree = "<group>"; };
/* End PBXFileReference section */

/* Begin PBXFrameworksBuildPhase section */
		57542644281177C200D221A0 /* Frameworks */ = {
			isa = PBXFrameworksBuildPhase;
			buildActionMask = 2147483647;
			files = (
			);
			runOnlyForDeploymentPostprocessing = 0;
		};
/* End PBXFrameworksBuildPhase section */

/* Begin PBXGroup section */
		5754263E281177C200D221A0 = {
			isa = PBXGroup;
			children = (
				57542649281177C200D221A0 /* TestGBSwiftUI */,
				57542648281177C200D221A0 /* Products */,
			);
			sourceTree = "<group>";
		};
		57542648281177C200D221A0 /* Products */ = {
			isa = PBXGroup;
			children = (
				57542647281177C200D221A0 /* TestGBSwiftUI.app */,
			);
			name = Products;
			sourceTree = "<group>";
		};
		57542649281177C200D221A0 /* TestGBSwiftUI */ = {
			isa = PBXGroup;
			children = (
				57698291282046480091FA3E /* Data */,
				5769828C282045C00091FA3E /* Present */,
				5754264A281177C200D221A0 /* TestGBSwiftUIApp.swift */,
				5754264E281177C700D221A0 /* Assets.xcassets */,
				57542650281177C700D221A0 /* Preview Content */,
			);
			path = TestGBSwiftUI;
			sourceTree = "<group>";
		};
		57542650281177C700D221A0 /* Preview Content */ = {
			isa = PBXGroup;
			children = (
				57542651281177C700D221A0 /* Preview Assets.xcassets */,
			);
			path = "Preview Content";
			sourceTree = "<group>";
		};
		5769828C282045C00091FA3E /* Present */ = {
			isa = PBXGroup;
			children = (
				57698290282046120091FA3E /* Main */,
				5769828F282046080091FA3E /* Login */,
				5769828E282045FA0091FA3E /* Group */,
				5769828D282045E10091FA3E /* Friend */,
			);
			path = Present;
			sourceTree = "<group>";
		};
		5769828D282045E10091FA3E /* Friend */ = {
			isa = PBXGroup;
			children = (
				5769828A282043FE0091FA3E /* FriendsView.swift */,
				576EBC7628176E4D002A6E78 /* User.swift */,
				571D2ED128210109006920C8 /* GalleryPhoto.swift */,
			);
			path = Friend;
			sourceTree = "<group>";
		};
		5769828E282045FA0091FA3E /* Group */ = {
			isa = PBXGroup;
			children = (
				576EBC7828177D0D002A6E78 /* Group.swift */,
			);
			path = Group;
			sourceTree = "<group>";
		};
		5769828F282046080091FA3E /* Login */ = {
			isa = PBXGroup;
			children = (
				5754264C281177C200D221A0 /* LoginView.swift */,
				571D2ECF2820FE4A006920C8 /* ContainerView.swift */,
			);
			path = Login;
			sourceTree = "<group>";
		};
		57698290282046120091FA3E /* Main */ = {
			isa = PBXGroup;
			children = (
				576982862820389A0091FA3E /* MainView.swift */,
			);
			path = Main;
			sourceTree = "<group>";
		};
		57698291282046480091FA3E /* Data */ = {
			isa = PBXGroup;
			children = (
				57698292282046500091FA3E /* User */,
			);
			path = Data;
			sourceTree = "<group>";
		};
		57698292282046500091FA3E /* User */ = {
			isa = PBXGroup;
			children = (
				57698293282046630091FA3E /* UserResponse.swift */,
				57698297282047300091FA3E /* userModelData.json */,
				57698299282047EA0091FA3E /* Data.swift */,
			);
			path = User;
			sourceTree = "<group>";
		};
/* End PBXGroup section */

/* Begin PBXNativeTarget section */
		57542646281177C200D221A0 /* TestGBSwiftUI */ = {
			isa = PBXNativeTarget;
			buildConfigurationList = 57542655281177C700D221A0 /* Build configuration list for PBXNativeTarget "TestGBSwiftUI" */;
			buildPhases = (
				57542643281177C200D221A0 /* Sources */,
				57542644281177C200D221A0 /* Frameworks */,
				57542645281177C200D221A0 /* Resources */,
			);
			buildRules = (
			);
			dependencies = (
			);
			name = TestGBSwiftUI;
			productName = TestGBSwiftUI;
			productReference = 57542647281177C200D221A0 /* TestGBSwiftUI.app */;
			productType = "com.apple.product-type.application";
		};
/* End PBXNativeTarget section */

/* Begin PBXProject section */
		5754263F281177C200D221A0 /* Project object */ = {
			isa = PBXProject;
			attributes = {
				BuildIndependentTargetsInParallel = 1;
				LastSwiftUpdateCheck = 1330;
				LastUpgradeCheck = 1330;
				TargetAttributes = {
					57542646281177C200D221A0 = {
						CreatedOnToolsVersion = 13.3;
					};
				};
			};
			buildConfigurationList = 57542642281177C200D221A0 /* Build configuration list for PBXProject "TestGBSwiftUI" */;
			compatibilityVersion = "Xcode 13.0";
			developmentRegion = en;
			hasScannedForEncodings = 0;
			knownRegions = (
				en,
				Base,
			);
			mainGroup = 5754263E281177C200D221A0;
			productRefGroup = 57542648281177C200D221A0 /* Products */;
			projectDirPath = "";
			projectRoot = "";
			targets = (
				57542646281177C200D221A0 /* TestGBSwiftUI */,
			);
		};
/* End PBXProject section */

/* Begin PBXResourcesBuildPhase section */
		57542645281177C200D221A0 /* Resources */ = {
			isa = PBXResourcesBuildPhase;
			buildActionMask = 2147483647;
			files = (
				57698298282047300091FA3E /* userModelData.json in Resources */,
				57542652281177C700D221A0 /* Preview Assets.xcassets in Resources */,
				5754264F281177C700D221A0 /* Assets.xcassets in Resources */,
			);
			runOnlyForDeploymentPostprocessing = 0;
		};
/* End PBXResourcesBuildPhase section */

/* Begin PBXSourcesBuildPhase section */
		57542643281177C200D221A0 /* Sources */ = {
			isa = PBXSourcesBuildPhase;
			buildActionMask = 2147483647;
			files = (
				5769828B282043FE0091FA3E /* FriendsView.swift in Sources */,
				5754264D281177C200D221A0 /* LoginView.swift in Sources */,
				571D2ED02820FE4A006920C8 /* ContainerView.swift in Sources */,
				5754264B281177C200D221A0 /* TestGBSwiftUIApp.swift in Sources */,
				576EBC7728176E4D002A6E78 /* User.swift in Sources */,
				57698294282046630091FA3E /* UserResponse.swift in Sources */,
				576982872820389A0091FA3E /* MainView.swift in Sources */,
				576EBC7928177D0D002A6E78 /* Group.swift in Sources */,
				5769829A282047EA0091FA3E /* Data.swift in Sources */,
				571D2ED228210109006920C8 /* GalleryPhoto.swift in Sources */,
			);
			runOnlyForDeploymentPostprocessing = 0;
		};
/* End PBXSourcesBuildPhase section */

/* Begin XCBuildConfiguration section */
		57542653281177C700D221A0 /* Debug */ = {
			isa = XCBuildConfiguration;
			buildSettings = {
				ALWAYS_SEARCH_USER_PATHS = NO;
				CLANG_ANALYZER_NONNULL = YES;
				CLANG_ANALYZER_NUMBER_OBJECT_CONVERSION = YES_AGGRESSIVE;
				CLANG_CXX_LANGUAGE_STANDARD = "gnu++17";
				CLANG_ENABLE_MODULES = YES;
				CLANG_ENABLE_OBJC_ARC = YES;
				CLANG_ENABLE_OBJC_WEAK = YES;
				CLANG_WARN_BLOCK_CAPTURE_AUTORELEASING = YES;
				CLANG_WARN_BOOL_CONVERSION = YES;
				CLANG_WARN_COMMA = YES;
				CLANG_WARN_CONSTANT_CONVERSION = YES;
				CLANG_WARN_DEPRECATED_OBJC_IMPLEMENTATIONS = YES;
				CLANG_WARN_DIRECT_OBJC_ISA_USAGE = YES_ERROR;
				CLANG_WARN_DOCUMENTATION_COMMENTS = YES;
				CLANG_WARN_EMPTY_BODY = YES;
				CLANG_WARN_ENUM_CONVERSION = YES;
				CLANG_WARN_INFINITE_RECURSION = YES;
				CLANG_WARN_INT_CONVERSION = YES;
				CLANG_WARN_NON_LITERAL_NULL_CONVERSION = YES;
				CLANG_WARN_OBJC_IMPLICIT_RETAIN_SELF = YES;
				CLANG_WARN_OBJC_LITERAL_CONVERSION = YES;
				CLANG_WARN_OBJC_ROOT_CLASS = YES_ERROR;
				CLANG_WARN_QUOTED_INCLUDE_IN_FRAMEWORK_HEADER = YES;
				CLANG_WARN_RANGE_LOOP_ANALYSIS = YES;
				CLANG_WARN_STRICT_PROTOTYPES = YES;
				CLANG_WARN_SUSPICIOUS_MOVE = YES;
				CLANG_WARN_UNGUARDED_AVAILABILITY = YES_AGGRESSIVE;
				CLANG_WARN_UNREACHABLE_CODE = YES;
				CLANG_WARN__DUPLICATE_METHOD_MATCH = YES;
				COPY_PHASE_STRIP = NO;
				DEBUG_INFORMATION_FORMAT = dwarf;
				ENABLE_STRICT_OBJC_MSGSEND = YES;
				ENABLE_TESTABILITY = YES;
				GCC_C_LANGUAGE_STANDARD = gnu11;
				GCC_DYNAMIC_NO_PIC = NO;
				GCC_NO_COMMON_BLOCKS = YES;
				GCC_OPTIMIZATION_LEVEL = 0;
				GCC_PREPROCESSOR_DEFINITIONS = (
					"DEBUG=1",
					"$(inherited)",
				);
				GCC_WARN_64_TO_32_BIT_CONVERSION = YES;
				GCC_WARN_ABOUT_RETURN_TYPE = YES_ERROR;
				GCC_WARN_UNDECLARED_SELECTOR = YES;
				GCC_WARN_UNINITIALIZED_AUTOS = YES_AGGRESSIVE;
				GCC_WARN_UNUSED_FUNCTION = YES;
				GCC_WARN_UNUSED_VARIABLE = YES;
				IPHONEOS_DEPLOYMENT_TARGET = 15.4;
				MTL_ENABLE_DEBUG_INFO = INCLUDE_SOURCE;
				MTL_FAST_MATH = YES;
				ONLY_ACTIVE_ARCH = YES;
				SDKROOT = iphoneos;
				SWIFT_ACTIVE_COMPILATION_CONDITIONS = DEBUG;
				SWIFT_OPTIMIZATION_LEVEL = "-Onone";
			};
			name = Debug;
		};
		57542654281177C700D221A0 /* Release */ = {
			isa = XCBuildConfiguration;
			buildSettings = {
				ALWAYS_SEARCH_USER_PATHS = NO;
				CLANG_ANALYZER_NONNULL = YES;
				CLANG_ANALYZER_NUMBER_OBJECT_CONVERSION = YES_AGGRESSIVE;
				CLANG_CXX_LANGUAGE_STANDARD = "gnu++17";
				CLANG_ENABLE_MODULES = YES;
				CLANG_ENABLE_OBJC_ARC = YES;
				CLANG_ENABLE_OBJC_WEAK = YES;
				CLANG_WARN_BLOCK_CAPTURE_AUTORELEASING = YES;
				CLANG_WARN_BOOL_CONVERSION = YES;
				CLANG_WARN_COMMA = YES;
				CLANG_WARN_CONSTANT_CONVERSION = YES;
				CLANG_WARN_DEPRECATED_OBJC_IMPLEMENTATIONS = YES;
				CLANG_WARN_DIRECT_OBJC_ISA_USAGE = YES_ERROR;
				CLANG_WARN_DOCUMENTATION_COMMENTS = YES;
				CLANG_WARN_EMPTY_BODY = YES;
				CLANG_WARN_ENUM_CONVERSION = YES;
				CLANG_WARN_INFINITE_RECURSION = YES;
				CLANG_WARN_INT_CONVERSION = YES;
				CLANG_WARN_NON_LITERAL_NULL_CONVERSION = YES;
				CLANG_WARN_OBJC_IMPLICIT_RETAIN_SELF = YES;
				CLANG_WARN_OBJC_LITERAL_CONVERSION = YES;
				CLANG_WARN_OBJC_ROOT_CLASS = YES_ERROR;
				CLANG_WARN_QUOTED_INCLUDE_IN_FRAMEWORK_HEADER = YES;
				CLANG_WARN_RANGE_LOOP_ANALYSIS = YES;
				CLANG_WARN_STRICT_PROTOTYPES = YES;
				CLANG_WARN_SUSPICIOUS_MOVE = YES;
				CLANG_WARN_UNGUARDED_AVAILABILITY = YES_AGGRESSIVE;
				CLANG_WARN_UNREACHABLE_CODE = YES;
				CLANG_WARN__DUPLICATE_METHOD_MATCH = YES;
				COPY_PHASE_STRIP = NO;
				DEBUG_INFORMATION_FORMAT = "dwarf-with-dsym";
				ENABLE_NS_ASSERTIONS = NO;
				ENABLE_STRICT_OBJC_MSGSEND = YES;
				GCC_C_LANGUAGE_STANDARD = gnu11;
				GCC_NO_COMMON_BLOCKS = YES;
				GCC_WARN_64_TO_32_BIT_CONVERSION = YES;
				GCC_WARN_ABOUT_RETURN_TYPE = YES_ERROR;
				GCC_WARN_UNDECLARED_SELECTOR = YES;
				GCC_WARN_UNINITIALIZED_AUTOS = YES_AGGRESSIVE;
				GCC_WARN_UNUSED_FUNCTION = YES;
				GCC_WARN_UNUSED_VARIABLE = YES;
				IPHONEOS_DEPLOYMENT_TARGET = 15.4;
				MTL_ENABLE_DEBUG_INFO = NO;
				MTL_FAST_MATH = YES;
				SDKROOT = iphoneos;
				SWIFT_COMPILATION_MODE = wholemodule;
				SWIFT_OPTIMIZATION_LEVEL = "-O";
				VALIDATE_PRODUCT = YES;
			};
			name = Release;
		};
		57542656281177C700D221A0 /* Debug */ = {
			isa = XCBuildConfiguration;
			buildSettings = {
				ASSETCATALOG_COMPILER_APPICON_NAME = AppIcon;
				ASSETCATALOG_COMPILER_GLOBAL_ACCENT_COLOR_NAME = AccentColor;
				CODE_SIGN_STYLE = Automatic;
				CURRENT_PROJECT_VERSION = 1;
				DEVELOPMENT_ASSET_PATHS = "\"TestGBSwiftUI/Preview Content\"";
				DEVELOPMENT_TEAM = BG5UDAJYTJ;
				ENABLE_PREVIEWS = YES;
				GENERATE_INFOPLIST_FILE = YES;
				INFOPLIST_KEY_UIApplicationSceneManifest_Generation = YES;
				INFOPLIST_KEY_UIApplicationSupportsIndirectInputEvents = YES;
				INFOPLIST_KEY_UILaunchScreen_Generation = YES;
				INFOPLIST_KEY_UISupportedInterfaceOrientations_iPad = "UIInterfaceOrientationPortrait UIInterfaceOrientationPortraitUpsideDown UIInterfaceOrientationLandscapeLeft UIInterfaceOrientationLandscapeRight";
				INFOPLIST_KEY_UISupportedInterfaceOrientations_iPhone = "UIInterfaceOrientationPortrait UIInterfaceOrientationLandscapeLeft UIInterfaceOrientationLandscapeRight";
				LD_RUNPATH_SEARCH_PATHS = (
					"$(inherited)",
					"@executable_path/Frameworks",
				);
				MARKETING_VERSION = 1.0;
				PRODUCT_BUNDLE_IDENTIFIER = gb.TestGBSwiftUI;
				PRODUCT_NAME = "$(TARGET_NAME)";
				SWIFT_EMIT_LOC_STRINGS = YES;
				SWIFT_VERSION = 5.0;
				TARGETED_DEVICE_FAMILY = "1,2";
			};
			name = Debug;
		};
		57542657281177C700D221A0 /* Release */ = {
			isa = XCBuildConfiguration;
			buildSettings = {
				ASSETCATALOG_COMPILER_APPICON_NAME = AppIcon;
				ASSETCATALOG_COMPILER_GLOBAL_ACCENT_COLOR_NAME = AccentColor;
				CODE_SIGN_STYLE = Automatic;
				CURRENT_PROJECT_VERSION = 1;
				DEVELOPMENT_ASSET_PATHS = "\"TestGBSwiftUI/Preview Content\"";
				DEVELOPMENT_TEAM = BG5UDAJYTJ;
				ENABLE_PREVIEWS = YES;
				GENERATE_INFOPLIST_FILE = YES;
				INFOPLIST_KEY_UIApplicationSceneManifest_Generation = YES;
				INFOPLIST_KEY_UIApplicationSupportsIndirectInputEvents = YES;
				INFOPLIST_KEY_UILaunchScreen_Generation = YES;
				INFOPLIST_KEY_UISupportedInterfaceOrientations_iPad = "UIInterfaceOrientationPortrait UIInterfaceOrientationPortraitUpsideDown UIInterfaceOrientationLandscapeLeft UIInterfaceOrientationLandscapeRight";
				INFOPLIST_KEY_UISupportedInterfaceOrientations_iPhone = "UIInterfaceOrientationPortrait UIInterfaceOrientationLandscapeLeft UIInterfaceOrientationLandscapeRight";
				LD_RUNPATH_SEARCH_PATHS = (
					"$(inherited)",
					"@executable_path/Frameworks",
				);
				MARKETING_VERSION = 1.0;
				PRODUCT_BUNDLE_IDENTIFIER = gb.TestGBSwiftUI;
				PRODUCT_NAME = "$(TARGET_NAME)";
				SWIFT_EMIT_LOC_STRINGS = YES;
				SWIFT_VERSION = 5.0;
				TARGETED_DEVICE_FAMILY = "1,2";
			};
			name = Release;
		};
/* End XCBuildConfiguration section */

/* Begin XCConfigurationList section */
		57542642281177C200D221A0 /* Build configuration list for PBXProject "TestGBSwiftUI" */ = {
			isa = XCConfigurationList;
			buildConfigurations = (
				57542653281177C700D221A0 /* Debug */,
				57542654281177C700D221A0 /* Release */,
			);
			defaultConfigurationIsVisible = 0;
			defaultConfigurationName = Release;
		};
		57542655281177C700D221A0 /* Build configuration list for PBXNativeTarget "TestGBSwiftUI" */ = {
			isa = XCConfigurationList;
			buildConfigurations = (
				57542656281177C700D221A0 /* Debug */,
				57542657281177C700D221A0 /* Release */,
			);
			defaultConfigurationIsVisible = 0;
			defaultConfigurationName = Release;
		};
/* End XCConfigurationList section */
	};
	rootObject = 5754263F281177C200D221A0 /* Project object */;
}
